// !$*UTF8*$!
{
	archiveVersion = 1;
	classes = {
	};
	objectVersion = 50;
	objects = {

/* Begin PBXBuildFile section */
		1851EB0A23E2CB9E00EC78F3 /* ShadowTextField.swift in Sources */ = {isa = PBXBuildFile; fileRef = 1851EB0923E2CB9E00EC78F3 /* ShadowTextField.swift */; };
		1851EB0C23E2D3F800EC78F3 /* RoundView.swift in Sources */ = {isa = PBXBuildFile; fileRef = 1851EB0B23E2D3F800EC78F3 /* RoundView.swift */; };
		1865419F23E15D0F00FC3975 /* AppDelegate.swift in Sources */ = {isa = PBXBuildFile; fileRef = 1865419E23E15D0E00FC3975 /* AppDelegate.swift */; };
		186541A123E15D0F00FC3975 /* ViewController.swift in Sources */ = {isa = PBXBuildFile; fileRef = 186541A023E15D0F00FC3975 /* ViewController.swift */; };
		186541A423E15D0F00FC3975 /* Main.storyboard in Resources */ = {isa = PBXBuildFile; fileRef = 186541A223E15D0F00FC3975 /* Main.storyboard */; };
		186541A623E15D1100FC3975 /* Assets.xcassets in Resources */ = {isa = PBXBuildFile; fileRef = 186541A523E15D1100FC3975 /* Assets.xcassets */; };
		186541A923E15D1100FC3975 /* LaunchScreen.storyboard in Resources */ = {isa = PBXBuildFile; fileRef = 186541A723E15D1100FC3975 /* LaunchScreen.storyboard */; };
/* End PBXBuildFile section */

/* Begin PBXFileReference section */
		1851EB0923E2CB9E00EC78F3 /* ShadowTextField.swift */ = {isa = PBXFileReference; lastKnownFileType = sourcecode.swift; path = ShadowTextField.swift; sourceTree = "<group>"; };
		1851EB0B23E2D3F800EC78F3 /* RoundView.swift */ = {isa = PBXFileReference; lastKnownFileType = sourcecode.swift; path = RoundView.swift; sourceTree = "<group>"; };
		1865419B23E15D0E00FC3975 /* Brisk Drive.app */ = {isa = PBXFileReference; explicitFileType = wrapper.application; includeInIndex = 0; path = "Brisk Drive.app"; sourceTree = BUILT_PRODUCTS_DIR; };
		1865419E23E15D0E00FC3975 /* AppDelegate.swift */ = {isa = PBXFileReference; lastKnownFileType = sourcecode.swift; path = AppDelegate.swift; sourceTree = "<group>"; };
		186541A023E15D0F00FC3975 /* ViewController.swift */ = {isa = PBXFileReference; lastKnownFileType = sourcecode.swift; path = ViewController.swift; sourceTree = "<group>"; };
		186541A323E15D0F00FC3975 /* Base */ = {isa = PBXFileReference; lastKnownFileType = file.storyboard; name = Base; path = Base.lproj/Main.storyboard; sourceTree = "<group>"; };
		186541A523E15D1100FC3975 /* Assets.xcassets */ = {isa = PBXFileReference; lastKnownFileType = folder.assetcatalog; path = Assets.xcassets; sourceTree = "<group>"; };
		186541A823E15D1100FC3975 /* Base */ = {isa = PBXFileReference; lastKnownFileType = file.storyboard; name = Base; path = Base.lproj/LaunchScreen.storyboard; sourceTree = "<group>"; };
		186541AA23E15D1100FC3975 /* Info.plist */ = {isa = PBXFileReference; lastKnownFileType = text.plist.xml; path = Info.plist; sourceTree = "<group>"; };
/* End PBXFileReference section */

/* Begin PBXFrameworksBuildPhase section */
		1865419823E15D0E00FC3975 /* Frameworks */ = {
			isa = PBXFrameworksBuildPhase;
			buildActionMask = 2147483647;
			files = (
			);
			runOnlyForDeploymentPostprocessing = 0;
		};
/* End PBXFrameworksBuildPhase section */

/* Begin PBXGroup section */
		1865419223E15D0E00FC3975 = {
			isa = PBXGroup;
			children = (
				1865419D23E15D0E00FC3975 /* Brisk Drive */,
				1865419C23E15D0E00FC3975 /* Products */,
			);
			sourceTree = "<group>";
		};
		1865419C23E15D0E00FC3975 /* Products */ = {
			isa = PBXGroup;
			children = (
				1865419B23E15D0E00FC3975 /* Brisk Drive.app */,
			);
			name = Products;
			sourceTree = "<group>";
		};
		1865419D23E15D0E00FC3975 /* Brisk Drive */ = {
			isa = PBXGroup;
			children = (
				1865419E23E15D0E00FC3975 /* AppDelegate.swift */,
				186541A023E15D0F00FC3975 /* ViewController.swift */,
				1851EB0923E2CB9E00EC78F3 /* ShadowTextField.swift */,
				1851EB0B23E2D3F800EC78F3 /* RoundView.swift */,
				186541A223E15D0F00FC3975 /* Main.storyboard */,
				186541A523E15D1100FC3975 /* Assets.xcassets */,
				186541A723E15D1100FC3975 /* LaunchScreen.storyboard */,
				186541AA23E15D1100FC3975 /* Info.plist */,
			);
			path = "Brisk Drive";
			sourceTree = "<group>";
		};
/* End PBXGroup section */

/* Begin PBXNativeTarget section */
		1865419A23E15D0E00FC3975 /* Brisk Drive */ = {
			isa = PBXNativeTarget;
			buildConfigurationList = 186541AD23E15D1100FC3975 /* Build configuration list for PBXNativeTarget "Brisk Drive" */;
			buildPhases = (
				1865419723E15D0E00FC3975 /* Sources */,
				1865419823E15D0E00FC3975 /* Frameworks */,
				1865419923E15D0E00FC3975 /* Resources */,
			);
			buildRules = (
			);
			dependencies = (
			);
			name = "Brisk Drive";
			productName = "Brisk Drive";
			productReference = 1865419B23E15D0E00FC3975 /* Brisk Drive.app */;
			productType = "com.apple.product-type.application";
		};
/* End PBXNativeTarget section */

/* Begin PBXProject section */
		1865419323E15D0E00FC3975 /* Project object */ = {
			isa = PBXProject;
			attributes = {
				LastSwiftUpdateCheck = 1010;
				LastUpgradeCheck = 1010;
				ORGANIZATIONNAME = Apple;
				TargetAttributes = {
					1865419A23E15D0E00FC3975 = {
						CreatedOnToolsVersion = 10.1;
					};
				};
			};
			buildConfigurationList = 1865419623E15D0E00FC3975 /* Build configuration list for PBXProject "Brisk Drive" */;
			compatibilityVersion = "Xcode 9.3";
			developmentRegion = en;
			hasScannedForEncodings = 0;
			knownRegions = (
				en,
				Base,
			);
			mainGroup = 1865419223E15D0E00FC3975;
			productRefGroup = 1865419C23E15D0E00FC3975 /* Products */;
			projectDirPath = "";
			projectRoot = "";
			targets = (
				1865419A23E15D0E00FC3975 /* Brisk Drive */,
			);
		};
/* End PBXProject section */

/* Begin PBXResourcesBuildPhase section */
		1865419923E15D0E00FC3975 /* Resources */ = {
			isa = PBXResourcesBuildPhase;
			buildActionMask = 2147483647;
			files = (
				186541A923E15D1100FC3975 /* LaunchScreen.storyboard in Resources */,
				186541A623E15D1100FC3975 /* Assets.xcassets in Resources */,
				186541A423E15D0F00FC3975 /* Main.storyboard in Resources */,
			);
			runOnlyForDeploymentPostprocessing = 0;
		};
/* End PBXResourcesBuildPhase section */

/* Begin PBXSourcesBuildPhase section */
		1865419723E15D0E00FC3975 /* Sources */ = {
			isa = PBXSourcesBuildPhase;
			buildActionMask = 2147483647;
			files = (
				186541A123E15D0F00FC3975 /* ViewController.swift in Sources */,
				1851EB0C23E2D3F800EC78F3 /* RoundView.swift in Sources */,
				1851EB0A23E2CB9E00EC78F3 /* ShadowTextField.swift in Sources */,
				1865419F23E15D0F00FC3975 /* AppDelegate.swift in Sources */,
			);
			runOnlyForDeploymentPostprocessing = 0;
		};
/* End PBXSourcesBuildPhase section */

/* Begin PBXVariantGroup section */
		186541A223E15D0F00FC3975 /* Main.storyboard */ = {
			isa = PBXVariantGroup;
			children = (
				186541A323E15D0F00FC3975 /* Base */,
			);
			name = Main.storyboard;
			sourceTree = "<group>";
		};
		186541A723E15D1100FC3975 /* LaunchScreen.storyboard */ = {
			isa = PBXVariantGroup;
			children = (
				186541A823E15D1100FC3975 /* Base */,
			);
			name = LaunchScreen.storyboard;
			sourceTree = "<group>";
		};
/* End PBXVariantGroup section */

/* Begin XCBuildConfiguration section */
		186541AB23E15D1100FC3975 /* Debug */ = {
			isa = XCBuildConfiguration;
			buildSettings = {
				ALWAYS_SEARCH_USER_PATHS = NO;
				CLANG_ANALYZER_NONNULL = YES;
				CLANG_ANALYZER_NUMBER_OBJECT_CONVERSION = YES_AGGRESSIVE;
				CLANG_CXX_LANGUAGE_STANDARD = "gnu++14";
				CLANG_CXX_LIBRARY = "libc++";
				CLANG_ENABLE_MODULES = YES;
				CLANG_ENABLE_OBJC_ARC = YES;
				CLANG_ENABLE_OBJC_WEAK = YES;
				CLANG_WARN_BLOCK_CAPTURE_AUTORELEASING = YES;
				CLANG_WARN_BOOL_CONVERSION = YES;
				CLANG_WARN_COMMA = YES;
				CLANG_WARN_CONSTANT_CONVERSION = YES;
				CLANG_WARN_DEPRECATED_OBJC_IMPLEMENTATIONS = YES;
				CLANG_WARN_DIRECT_OBJC_ISA_USAGE = YES_ERROR;
				CLANG_WARN_DOCUMENTATION_COMMENTS = YES;
				CLANG_WARN_EMPTY_BODY = YES;
				CLANG_WARN_ENUM_CONVERSION = YES;
				CLANG_WARN_INFINITE_RECURSION = YES;
				CLANG_WARN_INT_CONVERSION = YES;
				CLANG_WARN_NON_LITERAL_NULL_CONVERSION = YES;
				CLANG_WARN_OBJC_IMPLICIT_RETAIN_SELF = YES;
				CLANG_WARN_OBJC_LITERAL_CONVERSION = YES;
				CLANG_WARN_OBJC_ROOT_CLASS = YES_ERROR;
				CLANG_WARN_RANGE_LOOP_ANALYSIS = YES;
				CLANG_WARN_STRICT_PROTOTYPES = YES;
				CLANG_WARN_SUSPICIOUS_MOVE = YES;
				CLANG_WARN_UNGUARDED_AVAILABILITY = YES_AGGRESSIVE;
				CLANG_WARN_UNREACHABLE_CODE = YES;
				CLANG_WARN__DUPLICATE_METHOD_MATCH = YES;
				CODE_SIGN_IDENTITY = "iPhone Developer";
				COPY_PHASE_STRIP = NO;
				DEBUG_INFORMATION_FORMAT = dwarf;
				ENABLE_STRICT_OBJC_MSGSEND = YES;
				ENABLE_TESTABILITY = YES;
				GCC_C_LANGUAGE_STANDARD = gnu11;
				GCC_DYNAMIC_NO_PIC = NO;
				GCC_NO_COMMON_BLOCKS = YES;
				GCC_OPTIMIZATION_LEVEL = 0;
				GCC_PREPROCESSOR_DEFINITIONS = (
					"DEBUG=1",
					"$(inherited)",
				);
				GCC_WARN_64_TO_32_BIT_CONVERSION = YES;
				GCC_WARN_ABOUT_RETURN_TYPE = YES_ERROR;
				GCC_WARN_UNDECLARED_SELECTOR = YES;
				GCC_WARN_UNINITIALIZED_AUTOS = YES_AGGRESSIVE;
				GCC_WARN_UNUSED_FUNCTION = YES;
				GCC_WARN_UNUSED_VARIABLE = YES;
				IPHONEOS_DEPLOYMENT_TARGET = 12.1;
				MTL_ENABLE_DEBUG_INFO = INCLUDE_SOURCE;
				MTL_FAST_MATH = YES;
				ONLY_ACTIVE_ARCH = YES;
				SDKROOT = iphoneos;
				SWIFT_ACTIVE_COMPILATION_CONDITIONS = DEBUG;
				SWIFT_OPTIMIZATION_LEVEL = "-Onone";
			};
			name = Debug;
		};
		186541AC23E15D1100FC3975 /* Release */ = {
			isa = XCBuildConfiguration;
			buildSettings = {
				ALWAYS_SEARCH_USER_PATHS = NO;
				CLANG_ANALYZER_NONNULL = YES;
				CLANG_ANALYZER_NUMBER_OBJECT_CONVERSION = YES_AGGRESSIVE;
				CLANG_CXX_LANGUAGE_STANDARD = "gnu++14";
				CLANG_CXX_LIBRARY = "libc++";
				CLANG_ENABLE_MODULES = YES;
				CLANG_ENABLE_OBJC_ARC = YES;
				CLANG_ENABLE_OBJC_WEAK = YES;
				CLANG_WARN_BLOCK_CAPTURE_AUTORELEASING = YES;
				CLANG_WARN_BOOL_CONVERSION = YES;
				CLANG_WARN_COMMA = YES;
				CLANG_WARN_CONSTANT_CONVERSION = YES;
				CLANG_WARN_DEPRECATED_OBJC_IMPLEMENTATIONS = YES;
				CLANG_WARN_DIRECT_OBJC_ISA_USAGE = YES_ERROR;
				CLANG_WARN_DOCUMENTATION_COMMENTS = YES;
				CLANG_WARN_EMPTY_BODY = YES;
				CLANG_WARN_ENUM_CONVERSION = YES;
				CLANG_WARN_INFINITE_RECURSION = YES;
				CLANG_WARN_INT_CONVERSION = YES;
				CLANG_WARN_NON_LITERAL_NULL_CONVERSION = YES;
				CLANG_WARN_OBJC_IMPLICIT_RETAIN_SELF = YES;
				CLANG_WARN_OBJC_LITERAL_CONVERSION = YES;
				CLANG_WARN_OBJC_ROOT_CLASS = YES_ERROR;
				CLANG_WARN_RANGE_LOOP_ANALYSIS = YES;
				CLANG_WARN_STRICT_PROTOTYPES = YES;
				CLANG_WARN_SUSPICIOUS_MOVE = YES;
				CLANG_WARN_UNGUARDED_AVAILABILITY = YES_AGGRESSIVE;
				CLANG_WARN_UNREACHABLE_CODE = YES;
				CLANG_WARN__DUPLICATE_METHOD_MATCH = YES;
				CODE_SIGN_IDENTITY = "iPhone Developer";
				COPY_PHASE_STRIP = NO;
				DEBUG_INFORMATION_FORMAT = "dwarf-with-dsym";
				ENABLE_NS_ASSERTIONS = NO;
				ENABLE_STRICT_OBJC_MSGSEND = YES;
				GCC_C_LANGUAGE_STANDARD = gnu11;
				GCC_NO_COMMON_BLOCKS = YES;
				GCC_WARN_64_TO_32_BIT_CONVERSION = YES;
				GCC_WARN_ABOUT_RETURN_TYPE = YES_ERROR;
				GCC_WARN_UNDECLARED_SELECTOR = YES;
				GCC_WARN_UNINITIALIZED_AUTOS = YES_AGGRESSIVE;
				GCC_WARN_UNUSED_FUNCTION = YES;
				GCC_WARN_UNUSED_VARIABLE = YES;
				IPHONEOS_DEPLOYMENT_TARGET = 12.1;
				MTL_ENABLE_DEBUG_INFO = NO;
				MTL_FAST_MATH = YES;
				SDKROOT = iphoneos;
				SWIFT_COMPILATION_MODE = wholemodule;
				SWIFT_OPTIMIZATION_LEVEL = "-O";
				VALIDATE_PRODUCT = YES;
			};
			name = Release;
		};
		186541AE23E15D1100FC3975 /* Debug */ = {
			isa = XCBuildConfiguration;
			buildSettings = {
				ASSETCATALOG_COMPILER_APPICON_NAME = AppIcon;
				CODE_SIGN_STYLE = Automatic;
				DEVELOPMENT_TEAM = 95D64F2QFJ;
				INFOPLIST_FILE = "Brisk Drive/Info.plist";
				LD_RUNPATH_SEARCH_PATHS = (
					"$(inherited)",
					"@executable_path/Frameworks",
				);
				PRODUCT_BUNDLE_IDENTIFIER = "xxx.Brisk-Drive";
				PRODUCT_NAME = "$(TARGET_NAME)";
				SWIFT_VERSION = 4.2;
				TARGETED_DEVICE_FAMILY = "1,2";
			};
			name = Debug;
		};
		186541AF23E15D1100FC3975 /* Release */ = {
			isa = XCBuildConfiguration;
			buildSettings = {
				ASSETCATALOG_COMPILER_APPICON_NAME = AppIcon;
				CODE_SIGN_STYLE = Automatic;
				DEVELOPMENT_TEAM = 95D64F2QFJ;
				INFOPLIST_FILE = "Brisk Drive/Info.plist";
				LD_RUNPATH_SEARCH_PATHS = (
					"$(inherited)",
					"@executable_path/Frameworks",
				);
				PRODUCT_BUNDLE_IDENTIFIER = "xxx.Brisk-Drive";
				PRODUCT_NAME = "$(TARGET_NAME)";
				SWIFT_VERSION = 4.2;
				TARGETED_DEVICE_FAMILY = "1,2";
			};
			name = Release;
		};
/* End XCBuildConfiguration section */

/* Begin XCConfigurationList section */
		1865419623E15D0E00FC3975 /* Build configuration list for PBXProject "Brisk Drive" */ = {
			isa = XCConfigurationList;
			buildConfigurations = (
				186541AB23E15D1100FC3975 /* Debug */,
				186541AC23E15D1100FC3975 /* Release */,
			);
			defaultConfigurationIsVisible = 0;
			defaultConfigurationName = Release;
		};
		186541AD23E15D1100FC3975 /* Build configuration list for PBXNativeTarget "Brisk Drive" */ = {
			isa = XCConfigurationList;
			buildConfigurations = (
				186541AE23E15D1100FC3975 /* Debug */,
				186541AF23E15D1100FC3975 /* Release */,
			);
			defaultConfigurationIsVisible = 0;
			defaultConfigurationName = Release;
		};
/* End XCConfigurationList section */
	};
	rootObject = 1865419323E15D0E00FC3975 /* Project object */;
}
